
Microsoft Visual Studio Solution File, Format Version 12.00
# Visual Studio 15
VisualStudioVersion = 15.0.26730.8
MinimumVisualStudioVersion = 10.0.40219.1
Project("{FAE04EC0-301F-11D3-BF4B-00C04F79EFBC}") = "CaptionToSrt", "CaptionToSrt.csproj", "{795318A8-A5F8-4B35-BE89-DE783ED2331F}"
EndProject
Global
	GlobalSection(SolutionConfigurationPlatforms) = preSolution
		Debug|Any CPU = Debug|Any CPU
		Release|Any CPU = Release|Any CPU
	EndGlobalSection
	GlobalSection(ProjectConfigurationPlatforms) = postSolution
		{795318A8-A5F8-4B35-BE89-DE783ED2331F}.Debug|Any CPU.ActiveCfg = Debug|Any CPU
		{795318A8-A5F8-4B35-BE89-DE783ED2331F}.Debug|Any CPU.Build.0 = Debug|Any CPU
		{795318A8-A5F8-4B35-BE89-DE783ED2331F}.Release|Any CPU.ActiveCfg = Release|Any CPU
		{795318A8-A5F8-4B35-BE89-DE783ED2331F}.Release|Any CPU.Build.0 = Release|Any CPU
	EndGlobalSection
	GlobalSection(SolutionProperties) = preSolution
		HideSolutionNode = FALSE
	EndGlobalSection
	GlobalSection(ExtensibilityGlobals) = postSolution
		SolutionGuid = {BA9FFACF-3247-4E0F-8725-696ED955E29C}
	EndGlobalSection
EndGlobal
